// !$*UTF8*$!
{
	archiveVersion = 1;
	classes = {
	};
	objectVersion = 50;
	objects = {

/* Begin PBXBuildFile section */
		C55B7DC5216FBB39000152D9 /* AppDelegate.swift in Sources */ = {isa = PBXBuildFile; fileRef = C55B7DC4216FBB39000152D9 /* AppDelegate.swift */; };
		C55B7DCA216FBB39000152D9 /* Main.storyboard in Resources */ = {isa = PBXBuildFile; fileRef = C55B7DC8216FBB39000152D9 /* Main.storyboard */; };
		C55B7DCC216FBB3A000152D9 /* Assets.xcassets in Resources */ = {isa = PBXBuildFile; fileRef = C55B7DCB216FBB3A000152D9 /* Assets.xcassets */; };
		C55B7DCF216FBB3A000152D9 /* LaunchScreen.storyboard in Resources */ = {isa = PBXBuildFile; fileRef = C55B7DCD216FBB3A000152D9 /* LaunchScreen.storyboard */; };
		C55B7DD7216FBB65000152D9 /* Fortress.framework in Frameworks */ = {isa = PBXBuildFile; fileRef = C55B7DD6216FBB65000152D9 /* Fortress.framework */; };
		C55B7DD8216FBB65000152D9 /* Fortress.framework in Embed Frameworks */ = {isa = PBXBuildFile; fileRef = C55B7DD6216FBB65000152D9 /* Fortress.framework */; settings = {ATTRIBUTES = (CodeSignOnCopy, RemoveHeadersOnCopy, ); }; };
		C55B7DDD216FC08C000152D9 /* FortressCollectionViewController.swift in Sources */ = {isa = PBXBuildFile; fileRef = C55B7DDC216FC08C000152D9 /* FortressCollectionViewController.swift */; };
/* End PBXBuildFile section */

/* Begin PBXCopyFilesBuildPhase section */
		C55B7DD9216FBB66000152D9 /* Embed Frameworks */ = {
			isa = PBXCopyFilesBuildPhase;
			buildActionMask = 2147483647;
			dstPath = "";
			dstSubfolderSpec = 10;
			files = (
				C55B7DD8216FBB65000152D9 /* Fortress.framework in Embed Frameworks */,
			);
			name = "Embed Frameworks";
			runOnlyForDeploymentPostprocessing = 0;
		};
/* End PBXCopyFilesBuildPhase section */

/* Begin PBXFileReference section */
		C55B7DC1216FBB39000152D9 /* FortressBrowser.app */ = {isa = PBXFileReference; explicitFileType = wrapper.application; includeInIndex = 0; path = FortressBrowser.app; sourceTree = BUILT_PRODUCTS_DIR; };
		C55B7DC4216FBB39000152D9 /* AppDelegate.swift */ = {isa = PBXFileReference; lastKnownFileType = sourcecode.swift; path = AppDelegate.swift; sourceTree = "<group>"; };
		C55B7DC9216FBB39000152D9 /* Base */ = {isa = PBXFileReference; lastKnownFileType = file.storyboard; name = Base; path = Base.lproj/Main.storyboard; sourceTree = "<group>"; };
		C55B7DCB216FBB3A000152D9 /* Assets.xcassets */ = {isa = PBXFileReference; lastKnownFileType = folder.assetcatalog; path = Assets.xcassets; sourceTree = "<group>"; };
		C55B7DCE216FBB3A000152D9 /* Base */ = {isa = PBXFileReference; lastKnownFileType = file.storyboard; name = Base; path = Base.lproj/LaunchScreen.storyboard; sourceTree = "<group>"; };
		C55B7DD0216FBB3A000152D9 /* Info.plist */ = {isa = PBXFileReference; lastKnownFileType = text.plist.xml; path = Info.plist; sourceTree = "<group>"; };
		C55B7DD6216FBB65000152D9 /* Fortress.framework */ = {isa = PBXFileReference; explicitFileType = wrapper.framework; path = Fortress.framework; sourceTree = BUILT_PRODUCTS_DIR; };
		C55B7DDC216FC08C000152D9 /* FortressCollectionViewController.swift */ = {isa = PBXFileReference; lastKnownFileType = sourcecode.swift; path = FortressCollectionViewController.swift; sourceTree = "<group>"; };
/* End PBXFileReference section */

/* Begin PBXFrameworksBuildPhase section */
		C55B7DBE216FBB39000152D9 /* Frameworks */ = {
			isa = PBXFrameworksBuildPhase;
			buildActionMask = 2147483647;
			files = (
				C55B7DD7216FBB65000152D9 /* Fortress.framework in Frameworks */,
			);
			runOnlyForDeploymentPostprocessing = 0;
		};
/* End PBXFrameworksBuildPhase section */

/* Begin PBXGroup section */
		C55B7DB8216FBB39000152D9 = {
			isa = PBXGroup;
			children = (
				C55B7DD6216FBB65000152D9 /* Fortress.framework */,
				C55B7DC3216FBB39000152D9 /* FortressBrowser */,
				C55B7DC2216FBB39000152D9 /* Products */,
			);
			sourceTree = "<group>";
		};
		C55B7DC2216FBB39000152D9 /* Products */ = {
			isa = PBXGroup;
			children = (
				C55B7DC1216FBB39000152D9 /* FortressBrowser.app */,
			);
			name = Products;
			sourceTree = "<group>";
		};
		C55B7DC3216FBB39000152D9 /* FortressBrowser */ = {
			isa = PBXGroup;
			children = (
				C55B7DC4216FBB39000152D9 /* AppDelegate.swift */,
				C55B7DC8216FBB39000152D9 /* Main.storyboard */,
				C55B7DCB216FBB3A000152D9 /* Assets.xcassets */,
				C55B7DCD216FBB3A000152D9 /* LaunchScreen.storyboard */,
				C55B7DD0216FBB3A000152D9 /* Info.plist */,
				C55B7DDC216FC08C000152D9 /* FortressCollectionViewController.swift */,
			);
			path = FortressBrowser;
			sourceTree = "<group>";
		};
/* End PBXGroup section */

/* Begin PBXNativeTarget section */
		C55B7DC0216FBB39000152D9 /* FortressBrowser */ = {
			isa = PBXNativeTarget;
			buildConfigurationList = C55B7DD3216FBB3A000152D9 /* Build configuration list for PBXNativeTarget "FortressBrowser" */;
			buildPhases = (
				C55B7DBD216FBB39000152D9 /* Sources */,
				C55B7DBE216FBB39000152D9 /* Frameworks */,
				C55B7DBF216FBB39000152D9 /* Resources */,
				C55B7DD9216FBB66000152D9 /* Embed Frameworks */,
			);
			buildRules = (
			);
			dependencies = (
			);
			name = FortressBrowser;
			productName = FortressBrowser;
			productReference = C55B7DC1216FBB39000152D9 /* FortressBrowser.app */;
			productType = "com.apple.product-type.application";
		};
/* End PBXNativeTarget section */

/* Begin PBXProject section */
		C55B7DB9216FBB39000152D9 /* Project object */ = {
			isa = PBXProject;
			attributes = {
				LastSwiftUpdateCheck = 1000;
				LastUpgradeCheck = 1000;
				ORGANIZATIONNAME = "BME AUT";
				TargetAttributes = {
					C55B7DC0216FBB39000152D9 = {
						CreatedOnToolsVersion = 10.0;
					};
				};
			};
			buildConfigurationList = C55B7DBC216FBB39000152D9 /* Build configuration list for PBXProject "FortressBrowser" */;
			compatibilityVersion = "Xcode 9.3";
			developmentRegion = en;
			hasScannedForEncodings = 0;
			knownRegions = (
				en,
				Base,
			);
			mainGroup = C55B7DB8216FBB39000152D9;
			productRefGroup = C55B7DC2216FBB39000152D9 /* Products */;
			projectDirPath = "";
			projectRoot = "";
			targets = (
				C55B7DC0216FBB39000152D9 /* FortressBrowser */,
			);
		};
/* End PBXProject section */

/* Begin PBXResourcesBuildPhase section */
		C55B7DBF216FBB39000152D9 /* Resources */ = {
			isa = PBXResourcesBuildPhase;
			buildActionMask = 2147483647;
			files = (
				C55B7DCF216FBB3A000152D9 /* LaunchScreen.storyboard in Resources */,
				C55B7DCC216FBB3A000152D9 /* Assets.xcassets in Resources */,
				C55B7DCA216FBB39000152D9 /* Main.storyboard in Resources */,
			);
			runOnlyForDeploymentPostprocessing = 0;
		};
/* End PBXResourcesBuildPhase section */

/* Begin PBXSourcesBuildPhase section */
		C55B7DBD216FBB39000152D9 /* Sources */ = {
			isa = PBXSourcesBuildPhase;
			buildActionMask = 2147483647;
			files = (
				C55B7DC5216FBB39000152D9 /* AppDelegate.swift in Sources */,
				C55B7DDD216FC08C000152D9 /* FortressCollectionViewController.swift in Sources */,
			);
			runOnlyForDeploymentPostprocessing = 0;
		};
/* End PBXSourcesBuildPhase section */

/* Begin PBXVariantGroup section */
		C55B7DC8216FBB39000152D9 /* Main.storyboard */ = {
			isa = PBXVariantGroup;
			children = (
				C55B7DC9216FBB39000152D9 /* Base */,
			);
			name = Main.storyboard;
			sourceTree = "<group>";
		};
		C55B7DCD216FBB3A000152D9 /* LaunchScreen.storyboard */ = {
			isa = PBXVariantGroup;
			children = (
				C55B7DCE216FBB3A000152D9 /* Base */,
			);
			name = LaunchScreen.storyboard;
			sourceTree = "<group>";
		};
/* End PBXVariantGroup section */

/* Begin XCBuildConfiguration section */
		C55B7DD1216FBB3A000152D9 /* Debug */ = {
			isa = XCBuildConfiguration;
			buildSettings = {
				ALWAYS_SEARCH_USER_PATHS = NO;
				CLANG_ANALYZER_NONNULL = YES;
				CLANG_ANALYZER_NUMBER_OBJECT_CONVERSION = YES_AGGRESSIVE;
				CLANG_CXX_LANGUAGE_STANDARD = "gnu++14";
				CLANG_CXX_LIBRARY = "libc++";
				CLANG_ENABLE_MODULES = YES;
				CLANG_ENABLE_OBJC_ARC = YES;
				CLANG_ENABLE_OBJC_WEAK = YES;
				CLANG_WARN_BLOCK_CAPTURE_AUTORELEASING = YES;
				CLANG_WARN_BOOL_CONVERSION = YES;
				CLANG_WARN_COMMA = YES;
				CLANG_WARN_CONSTANT_CONVERSION = YES;
				CLANG_WARN_DEPRECATED_OBJC_IMPLEMENTATIONS = YES;
				CLANG_WARN_DIRECT_OBJC_ISA_USAGE = YES_ERROR;
				CLANG_WARN_DOCUMENTATION_COMMENTS = YES;
				CLANG_WARN_EMPTY_BODY = YES;
				CLANG_WARN_ENUM_CONVERSION = YES;
				CLANG_WARN_INFINITE_RECURSION = YES;
				CLANG_WARN_INT_CONVERSION = YES;
				CLANG_WARN_NON_LITERAL_NULL_CONVERSION = YES;
				CLANG_WARN_OBJC_IMPLICIT_RETAIN_SELF = YES;
				CLANG_WARN_OBJC_LITERAL_CONVERSION = YES;
				CLANG_WARN_OBJC_ROOT_CLASS = YES_ERROR;
				CLANG_WARN_RANGE_LOOP_ANALYSIS = YES;
				CLANG_WARN_STRICT_PROTOTYPES = YES;
				CLANG_WARN_SUSPICIOUS_MOVE = YES;
				CLANG_WARN_UNGUARDED_AVAILABILITY = YES_AGGRESSIVE;
				CLANG_WARN_UNREACHABLE_CODE = YES;
				CLANG_WARN__DUPLICATE_METHOD_MATCH = YES;
				CODE_SIGN_IDENTITY = "iPhone Developer";
				COPY_PHASE_STRIP = NO;
				DEBUG_INFORMATION_FORMAT = dwarf;
				ENABLE_STRICT_OBJC_MSGSEND = YES;
				ENABLE_TESTABILITY = YES;
				GCC_C_LANGUAGE_STANDARD = gnu11;
				GCC_DYNAMIC_NO_PIC = NO;
				GCC_NO_COMMON_BLOCKS = YES;
				GCC_OPTIMIZATION_LEVEL = 0;
				GCC_PREPROCESSOR_DEFINITIONS = (
					"DEBUG=1",
					"$(inherited)",
				);
				GCC_WARN_64_TO_32_BIT_CONVERSION = YES;
				GCC_WARN_ABOUT_RETURN_TYPE = YES_ERROR;
				GCC_WARN_UNDECLARED_SELECTOR = YES;
				GCC_WARN_UNINITIALIZED_AUTOS = YES_AGGRESSIVE;
				GCC_WARN_UNUSED_FUNCTION = YES;
				GCC_WARN_UNUSED_VARIABLE = YES;
				IPHONEOS_DEPLOYMENT_TARGET = 12.0;
				MTL_ENABLE_DEBUG_INFO = INCLUDE_SOURCE;
				MTL_FAST_MATH = YES;
				ONLY_ACTIVE_ARCH = YES;
				SDKROOT = iphoneos;
				SWIFT_ACTIVE_COMPILATION_CONDITIONS = DEBUG;
				SWIFT_OPTIMIZATION_LEVEL = "-Onone";
			};
			name = Debug;
		};
		C55B7DD2216FBB3A000152D9 /* Release */ = {
			isa = XCBuildConfiguration;
			buildSettings = {
				ALWAYS_SEARCH_USER_PATHS = NO;
				CLANG_ANALYZER_NONNULL = YES;
				CLANG_ANALYZER_NUMBER_OBJECT_CONVERSION = YES_AGGRESSIVE;
				CLANG_CXX_LANGUAGE_STANDARD = "gnu++14";
				CLANG_CXX_LIBRARY = "libc++";
				CLANG_ENABLE_MODULES = YES;
				CLANG_ENABLE_OBJC_ARC = YES;
				CLANG_ENABLE_OBJC_WEAK = YES;
				CLANG_WARN_BLOCK_CAPTURE_AUTORELEASING = YES;
				CLANG_WARN_BOOL_CONVERSION = YES;
				CLANG_WARN_COMMA = YES;
				CLANG_WARN_CONSTANT_CONVERSION = YES;
				CLANG_WARN_DEPRECATED_OBJC_IMPLEMENTATIONS = YES;
				CLANG_WARN_DIRECT_OBJC_ISA_USAGE = YES_ERROR;
				CLANG_WARN_DOCUMENTATION_COMMENTS = YES;
				CLANG_WARN_EMPTY_BODY = YES;
				CLANG_WARN_ENUM_CONVERSION = YES;
				CLANG_WARN_INFINITE_RECURSION = YES;
				CLANG_WARN_INT_CONVERSION = YES;
				CLANG_WARN_NON_LITERAL_NULL_CONVERSION = YES;
				CLANG_WARN_OBJC_IMPLICIT_RETAIN_SELF = YES;
				CLANG_WARN_OBJC_LITERAL_CONVERSION = YES;
				CLANG_WARN_OBJC_ROOT_CLASS = YES_ERROR;
				CLANG_WARN_RANGE_LOOP_ANALYSIS = YES;
				CLANG_WARN_STRICT_PROTOTYPES = YES;
				CLANG_WARN_SUSPICIOUS_MOVE = YES;
				CLANG_WARN_UNGUARDED_AVAILABILITY = YES_AGGRESSIVE;
				CLANG_WARN_UNREACHABLE_CODE = YES;
				CLANG_WARN__DUPLICATE_METHOD_MATCH = YES;
				CODE_SIGN_IDENTITY = "iPhone Developer";
				COPY_PHASE_STRIP = NO;
				DEBUG_INFORMATION_FORMAT = "dwarf-with-dsym";
				ENABLE_NS_ASSERTIONS = NO;
				ENABLE_STRICT_OBJC_MSGSEND = YES;
				GCC_C_LANGUAGE_STANDARD = gnu11;
				GCC_NO_COMMON_BLOCKS = YES;
				GCC_WARN_64_TO_32_BIT_CONVERSION = YES;
				GCC_WARN_ABOUT_RETURN_TYPE = YES_ERROR;
				GCC_WARN_UNDECLARED_SELECTOR = YES;
				GCC_WARN_UNINITIALIZED_AUTOS = YES_AGGRESSIVE;
				GCC_WARN_UNUSED_FUNCTION = YES;
				GCC_WARN_UNUSED_VARIABLE = YES;
				IPHONEOS_DEPLOYMENT_TARGET = 12.0;
				MTL_ENABLE_DEBUG_INFO = NO;
				MTL_FAST_MATH = YES;
				SDKROOT = iphoneos;
				SWIFT_COMPILATION_MODE = wholemodule;
				SWIFT_OPTIMIZATION_LEVEL = "-O";
				VALIDATE_PRODUCT = YES;
			};
			name = Release;
		};
		C55B7DD4216FBB3A000152D9 /* Debug */ = {
			isa = XCBuildConfiguration;
			buildSettings = {
				ASSETCATALOG_COMPILER_APPICON_NAME = AppIcon;
				CODE_SIGN_STYLE = Manual;
				DEVELOPMENT_TEAM = "";
				INFOPLIST_FILE = FortressBrowser/Info.plist;
				LD_RUNPATH_SEARCH_PATHS = (
					"$(inherited)",
					"@executable_path/Frameworks",
				);
				PRODUCT_BUNDLE_IDENTIFIER = hu.bme.aut.ios.FortressBrowser;
				PRODUCT_NAME = "$(TARGET_NAME)";
				PROVISIONING_PROFILE_SPECIFIER = "";
				SWIFT_VERSION = 4.2;
				TARGETED_DEVICE_FAMILY = "1,2";
			};
			name = Debug;
		};
		C55B7DD5216FBB3A000152D9 /* Release */ = {
			isa = XCBuildConfiguration;
			buildSettings = {
				ASSETCATALOG_COMPILER_APPICON_NAME = AppIcon;
				CODE_SIGN_STYLE = Manual;
				DEVELOPMENT_TEAM = "";
				INFOPLIST_FILE = FortressBrowser/Info.plist;
				LD_RUNPATH_SEARCH_PATHS = (
					"$(inherited)",
					"@executable_path/Frameworks",
				);
				PRODUCT_BUNDLE_IDENTIFIER = hu.bme.aut.ios.FortressBrowser;
				PRODUCT_NAME = "$(TARGET_NAME)";
				PROVISIONING_PROFILE_SPECIFIER = "";
				SWIFT_VERSION = 4.2;
				TARGETED_DEVICE_FAMILY = "1,2";
			};
			name = Release;
		};
/* End XCBuildConfiguration section */

/* Begin XCConfigurationList section */
		C55B7DBC216FBB39000152D9 /* Build configuration list for PBXProject "FortressBrowser" */ = {
			isa = XCConfigurationList;
			buildConfigurations = (
				C55B7DD1216FBB3A000152D9 /* Debug */,
				C55B7DD2216FBB3A000152D9 /* Release */,
			);
			defaultConfigurationIsVisible = 0;
			defaultConfigurationName = Release;
		};
		C55B7DD3216FBB3A000152D9 /* Build configuration list for PBXNativeTarget "FortressBrowser" */ = {
			isa = XCConfigurationList;
			buildConfigurations = (
				C55B7DD4216FBB3A000152D9 /* Debug */,
				C55B7DD5216FBB3A000152D9 /* Release */,
			);
			defaultConfigurationIsVisible = 0;
			defaultConfigurationName = Release;
		};
/* End XCConfigurationList section */
	};
	rootObject = C55B7DB9216FBB39000152D9 /* Project object */;
}
