// !$*UTF8*$!
{
	archiveVersion = 1;
	classes = {
	};
	objectVersion = 50;
	objects = {

/* Begin PBXBuildFile section */
		C5937D78216FD73600098DF4 /* AppDelegate.swift in Sources */ = {isa = PBXBuildFile; fileRef = C5937D77216FD73600098DF4 /* AppDelegate.swift */; };
		C5937D7D216FD73600098DF4 /* Main.storyboard in Resources */ = {isa = PBXBuildFile; fileRef = C5937D7B216FD73600098DF4 /* Main.storyboard */; };
		C5937D7F216FD73700098DF4 /* Assets.xcassets in Resources */ = {isa = PBXBuildFile; fileRef = C5937D7E216FD73700098DF4 /* Assets.xcassets */; };
		C5937D82216FD73700098DF4 /* LaunchScreen.storyboard in Resources */ = {isa = PBXBuildFile; fileRef = C5937D80216FD73700098DF4 /* LaunchScreen.storyboard */; };
		C5937D8A216FD78700098DF4 /* FortressDragPreview.swift in Sources */ = {isa = PBXBuildFile; fileRef = C5937D89216FD78600098DF4 /* FortressDragPreview.swift */; };
		C5937D8C216FD98A00098DF4 /* FortressDetailViewController.swift in Sources */ = {isa = PBXBuildFile; fileRef = C5937D8B216FD98A00098DF4 /* FortressDetailViewController.swift */; };
		C5937D8E216FDB1300098DF4 /* Fortress.framework in Frameworks */ = {isa = PBXBuildFile; fileRef = C5937D8D216FDB1300098DF4 /* Fortress.framework */; };
		C5937D8F216FDB1300098DF4 /* Fortress.framework in Embed Frameworks */ = {isa = PBXBuildFile; fileRef = C5937D8D216FDB1300098DF4 /* Fortress.framework */; settings = {ATTRIBUTES = (CodeSignOnCopy, RemoveHeadersOnCopy, ); }; };
/* End PBXBuildFile section */

/* Begin PBXCopyFilesBuildPhase section */
		C5937D90216FDB1300098DF4 /* Embed Frameworks */ = {
			isa = PBXCopyFilesBuildPhase;
			buildActionMask = 2147483647;
			dstPath = "";
			dstSubfolderSpec = 10;
			files = (
				C5937D8F216FDB1300098DF4 /* Fortress.framework in Embed Frameworks */,
			);
			name = "Embed Frameworks";
			runOnlyForDeploymentPostprocessing = 0;
		};
/* End PBXCopyFilesBuildPhase section */

/* Begin PBXFileReference section */
		C5937D74216FD73600098DF4 /* FortressViewer.app */ = {isa = PBXFileReference; explicitFileType = wrapper.application; includeInIndex = 0; path = FortressViewer.app; sourceTree = BUILT_PRODUCTS_DIR; };
		C5937D77216FD73600098DF4 /* AppDelegate.swift */ = {isa = PBXFileReference; lastKnownFileType = sourcecode.swift; path = AppDelegate.swift; sourceTree = "<group>"; };
		C5937D7C216FD73600098DF4 /* Base */ = {isa = PBXFileReference; lastKnownFileType = file.storyboard; name = Base; path = Base.lproj/Main.storyboard; sourceTree = "<group>"; };
		C5937D7E216FD73700098DF4 /* Assets.xcassets */ = {isa = PBXFileReference; lastKnownFileType = folder.assetcatalog; path = Assets.xcassets; sourceTree = "<group>"; };
		C5937D81216FD73700098DF4 /* Base */ = {isa = PBXFileReference; lastKnownFileType = file.storyboard; name = Base; path = Base.lproj/LaunchScreen.storyboard; sourceTree = "<group>"; };
		C5937D83216FD73700098DF4 /* Info.plist */ = {isa = PBXFileReference; lastKnownFileType = text.plist.xml; path = Info.plist; sourceTree = "<group>"; };
		C5937D89216FD78600098DF4 /* FortressDragPreview.swift */ = {isa = PBXFileReference; fileEncoding = 4; lastKnownFileType = sourcecode.swift; path = FortressDragPreview.swift; sourceTree = "<group>"; };
		C5937D8B216FD98A00098DF4 /* FortressDetailViewController.swift */ = {isa = PBXFileReference; lastKnownFileType = sourcecode.swift; path = FortressDetailViewController.swift; sourceTree = "<group>"; };
		C5937D8D216FDB1300098DF4 /* Fortress.framework */ = {isa = PBXFileReference; explicitFileType = wrapper.framework; path = Fortress.framework; sourceTree = BUILT_PRODUCTS_DIR; };
/* End PBXFileReference section */

/* Begin PBXFrameworksBuildPhase section */
		C5937D71216FD73600098DF4 /* Frameworks */ = {
			isa = PBXFrameworksBuildPhase;
			buildActionMask = 2147483647;
			files = (
				C5937D8E216FDB1300098DF4 /* Fortress.framework in Frameworks */,
			);
			runOnlyForDeploymentPostprocessing = 0;
		};
/* End PBXFrameworksBuildPhase section */

/* Begin PBXGroup section */
		C5937D6B216FD73600098DF4 = {
			isa = PBXGroup;
			children = (
				C5937D8D216FDB1300098DF4 /* Fortress.framework */,
				C5937D76216FD73600098DF4 /* FortressViewer */,
				C5937D75216FD73600098DF4 /* Products */,
			);
			sourceTree = "<group>";
		};
		C5937D75216FD73600098DF4 /* Products */ = {
			isa = PBXGroup;
			children = (
				C5937D74216FD73600098DF4 /* FortressViewer.app */,
			);
			name = Products;
			sourceTree = "<group>";
		};
		C5937D76216FD73600098DF4 /* FortressViewer */ = {
			isa = PBXGroup;
			children = (
				C5937D77216FD73600098DF4 /* AppDelegate.swift */,
				C5937D8B216FD98A00098DF4 /* FortressDetailViewController.swift */,
				C5937D89216FD78600098DF4 /* FortressDragPreview.swift */,
				C5937D7B216FD73600098DF4 /* Main.storyboard */,
				C5937D7E216FD73700098DF4 /* Assets.xcassets */,
				C5937D80216FD73700098DF4 /* LaunchScreen.storyboard */,
				C5937D83216FD73700098DF4 /* Info.plist */,
			);
			path = FortressViewer;
			sourceTree = "<group>";
		};
/* End PBXGroup section */

/* Begin PBXNativeTarget section */
		C5937D73216FD73600098DF4 /* FortressViewer */ = {
			isa = PBXNativeTarget;
			buildConfigurationList = C5937D86216FD73700098DF4 /* Build configuration list for PBXNativeTarget "FortressViewer" */;
			buildPhases = (
				C5937D70216FD73600098DF4 /* Sources */,
				C5937D71216FD73600098DF4 /* Frameworks */,
				C5937D72216FD73600098DF4 /* Resources */,
				C5937D90216FDB1300098DF4 /* Embed Frameworks */,
			);
			buildRules = (
			);
			dependencies = (
			);
			name = FortressViewer;
			productName = FortressViewer;
			productReference = C5937D74216FD73600098DF4 /* FortressViewer.app */;
			productType = "com.apple.product-type.application";
		};
/* End PBXNativeTarget section */

/* Begin PBXProject section */
		C5937D6C216FD73600098DF4 /* Project object */ = {
			isa = PBXProject;
			attributes = {
				LastSwiftUpdateCheck = 1000;
				LastUpgradeCheck = 1000;
				ORGANIZATIONNAME = "BME AUT";
				TargetAttributes = {
					C5937D73216FD73600098DF4 = {
						CreatedOnToolsVersion = 10.0;
					};
				};
			};
			buildConfigurationList = C5937D6F216FD73600098DF4 /* Build configuration list for PBXProject "FortressViewer" */;
			compatibilityVersion = "Xcode 9.3";
			developmentRegion = en;
			hasScannedForEncodings = 0;
			knownRegions = (
				en,
				Base,
			);
			mainGroup = C5937D6B216FD73600098DF4;
			productRefGroup = C5937D75216FD73600098DF4 /* Products */;
			projectDirPath = "";
			projectRoot = "";
			targets = (
				C5937D73216FD73600098DF4 /* FortressViewer */,
			);
		};
/* End PBXProject section */

/* Begin PBXResourcesBuildPhase section */
		C5937D72216FD73600098DF4 /* Resources */ = {
			isa = PBXResourcesBuildPhase;
			buildActionMask = 2147483647;
			files = (
				C5937D82216FD73700098DF4 /* LaunchScreen.storyboard in Resources */,
				C5937D7F216FD73700098DF4 /* Assets.xcassets in Resources */,
				C5937D7D216FD73600098DF4 /* Main.storyboard in Resources */,
			);
			runOnlyForDeploymentPostprocessing = 0;
		};
/* End PBXResourcesBuildPhase section */

/* Begin PBXSourcesBuildPhase section */
		C5937D70216FD73600098DF4 /* Sources */ = {
			isa = PBXSourcesBuildPhase;
			buildActionMask = 2147483647;
			files = (
				C5937D8A216FD78700098DF4 /* FortressDragPreview.swift in Sources */,
				C5937D8C216FD98A00098DF4 /* FortressDetailViewController.swift in Sources */,
				C5937D78216FD73600098DF4 /* AppDelegate.swift in Sources */,
			);
			runOnlyForDeploymentPostprocessing = 0;
		};
/* End PBXSourcesBuildPhase section */

/* Begin PBXVariantGroup section */
		C5937D7B216FD73600098DF4 /* Main.storyboard */ = {
			isa = PBXVariantGroup;
			children = (
				C5937D7C216FD73600098DF4 /* Base */,
			);
			name = Main.storyboard;
			sourceTree = "<group>";
		};
		C5937D80216FD73700098DF4 /* LaunchScreen.storyboard */ = {
			isa = PBXVariantGroup;
			children = (
				C5937D81216FD73700098DF4 /* Base */,
			);
			name = LaunchScreen.storyboard;
			sourceTree = "<group>";
		};
/* End PBXVariantGroup section */

/* Begin XCBuildConfiguration section */
		C5937D84216FD73700098DF4 /* Debug */ = {
			isa = XCBuildConfiguration;
			buildSettings = {
				ALWAYS_SEARCH_USER_PATHS = NO;
				CLANG_ANALYZER_NONNULL = YES;
				CLANG_ANALYZER_NUMBER_OBJECT_CONVERSION = YES_AGGRESSIVE;
				CLANG_CXX_LANGUAGE_STANDARD = "gnu++14";
				CLANG_CXX_LIBRARY = "libc++";
				CLANG_ENABLE_MODULES = YES;
				CLANG_ENABLE_OBJC_ARC = YES;
				CLANG_ENABLE_OBJC_WEAK = YES;
				CLANG_WARN_BLOCK_CAPTURE_AUTORELEASING = YES;
				CLANG_WARN_BOOL_CONVERSION = YES;
				CLANG_WARN_COMMA = YES;
				CLANG_WARN_CONSTANT_CONVERSION = YES;
				CLANG_WARN_DEPRECATED_OBJC_IMPLEMENTATIONS = YES;
				CLANG_WARN_DIRECT_OBJC_ISA_USAGE = YES_ERROR;
				CLANG_WARN_DOCUMENTATION_COMMENTS = YES;
				CLANG_WARN_EMPTY_BODY = YES;
				CLANG_WARN_ENUM_CONVERSION = YES;
				CLANG_WARN_INFINITE_RECURSION = YES;
				CLANG_WARN_INT_CONVERSION = YES;
				CLANG_WARN_NON_LITERAL_NULL_CONVERSION = YES;
				CLANG_WARN_OBJC_IMPLICIT_RETAIN_SELF = YES;
				CLANG_WARN_OBJC_LITERAL_CONVERSION = YES;
				CLANG_WARN_OBJC_ROOT_CLASS = YES_ERROR;
				CLANG_WARN_RANGE_LOOP_ANALYSIS = YES;
				CLANG_WARN_STRICT_PROTOTYPES = YES;
				CLANG_WARN_SUSPICIOUS_MOVE = YES;
				CLANG_WARN_UNGUARDED_AVAILABILITY = YES_AGGRESSIVE;
				CLANG_WARN_UNREACHABLE_CODE = YES;
				CLANG_WARN__DUPLICATE_METHOD_MATCH = YES;
				CODE_SIGN_IDENTITY = "iPhone Developer";
				COPY_PHASE_STRIP = NO;
				DEBUG_INFORMATION_FORMAT = dwarf;
				ENABLE_STRICT_OBJC_MSGSEND = YES;
				ENABLE_TESTABILITY = YES;
				GCC_C_LANGUAGE_STANDARD = gnu11;
				GCC_DYNAMIC_NO_PIC = NO;
				GCC_NO_COMMON_BLOCKS = YES;
				GCC_OPTIMIZATION_LEVEL = 0;
				GCC_PREPROCESSOR_DEFINITIONS = (
					"DEBUG=1",
					"$(inherited)",
				);
				GCC_WARN_64_TO_32_BIT_CONVERSION = YES;
				GCC_WARN_ABOUT_RETURN_TYPE = YES_ERROR;
				GCC_WARN_UNDECLARED_SELECTOR = YES;
				GCC_WARN_UNINITIALIZED_AUTOS = YES_AGGRESSIVE;
				GCC_WARN_UNUSED_FUNCTION = YES;
				GCC_WARN_UNUSED_VARIABLE = YES;
				IPHONEOS_DEPLOYMENT_TARGET = 12.0;
				MTL_ENABLE_DEBUG_INFO = INCLUDE_SOURCE;
				MTL_FAST_MATH = YES;
				ONLY_ACTIVE_ARCH = YES;
				SDKROOT = iphoneos;
				SWIFT_ACTIVE_COMPILATION_CONDITIONS = DEBUG;
				SWIFT_OPTIMIZATION_LEVEL = "-Onone";
			};
			name = Debug;
		};
		C5937D85216FD73700098DF4 /* Release */ = {
			isa = XCBuildConfiguration;
			buildSettings = {
				ALWAYS_SEARCH_USER_PATHS = NO;
				CLANG_ANALYZER_NONNULL = YES;
				CLANG_ANALYZER_NUMBER_OBJECT_CONVERSION = YES_AGGRESSIVE;
				CLANG_CXX_LANGUAGE_STANDARD = "gnu++14";
				CLANG_CXX_LIBRARY = "libc++";
				CLANG_ENABLE_MODULES = YES;
				CLANG_ENABLE_OBJC_ARC = YES;
				CLANG_ENABLE_OBJC_WEAK = YES;
				CLANG_WARN_BLOCK_CAPTURE_AUTORELEASING = YES;
				CLANG_WARN_BOOL_CONVERSION = YES;
				CLANG_WARN_COMMA = YES;
				CLANG_WARN_CONSTANT_CONVERSION = YES;
				CLANG_WARN_DEPRECATED_OBJC_IMPLEMENTATIONS = YES;
				CLANG_WARN_DIRECT_OBJC_ISA_USAGE = YES_ERROR;
				CLANG_WARN_DOCUMENTATION_COMMENTS = YES;
				CLANG_WARN_EMPTY_BODY = YES;
				CLANG_WARN_ENUM_CONVERSION = YES;
				CLANG_WARN_INFINITE_RECURSION = YES;
				CLANG_WARN_INT_CONVERSION = YES;
				CLANG_WARN_NON_LITERAL_NULL_CONVERSION = YES;
				CLANG_WARN_OBJC_IMPLICIT_RETAIN_SELF = YES;
				CLANG_WARN_OBJC_LITERAL_CONVERSION = YES;
				CLANG_WARN_OBJC_ROOT_CLASS = YES_ERROR;
				CLANG_WARN_RANGE_LOOP_ANALYSIS = YES;
				CLANG_WARN_STRICT_PROTOTYPES = YES;
				CLANG_WARN_SUSPICIOUS_MOVE = YES;
				CLANG_WARN_UNGUARDED_AVAILABILITY = YES_AGGRESSIVE;
				CLANG_WARN_UNREACHABLE_CODE = YES;
				CLANG_WARN__DUPLICATE_METHOD_MATCH = YES;
				CODE_SIGN_IDENTITY = "iPhone Developer";
				COPY_PHASE_STRIP = NO;
				DEBUG_INFORMATION_FORMAT = "dwarf-with-dsym";
				ENABLE_NS_ASSERTIONS = NO;
				ENABLE_STRICT_OBJC_MSGSEND = YES;
				GCC_C_LANGUAGE_STANDARD = gnu11;
				GCC_NO_COMMON_BLOCKS = YES;
				GCC_WARN_64_TO_32_BIT_CONVERSION = YES;
				GCC_WARN_ABOUT_RETURN_TYPE = YES_ERROR;
				GCC_WARN_UNDECLARED_SELECTOR = YES;
				GCC_WARN_UNINITIALIZED_AUTOS = YES_AGGRESSIVE;
				GCC_WARN_UNUSED_FUNCTION = YES;
				GCC_WARN_UNUSED_VARIABLE = YES;
				IPHONEOS_DEPLOYMENT_TARGET = 12.0;
				MTL_ENABLE_DEBUG_INFO = NO;
				MTL_FAST_MATH = YES;
				SDKROOT = iphoneos;
				SWIFT_COMPILATION_MODE = wholemodule;
				SWIFT_OPTIMIZATION_LEVEL = "-O";
				VALIDATE_PRODUCT = YES;
			};
			name = Release;
		};
		C5937D87216FD73700098DF4 /* Debug */ = {
			isa = XCBuildConfiguration;
			buildSettings = {
				ASSETCATALOG_COMPILER_APPICON_NAME = AppIcon;
				CODE_SIGN_STYLE = Manual;
				DEVELOPMENT_TEAM = "";
				INFOPLIST_FILE = FortressViewer/Info.plist;
				LD_RUNPATH_SEARCH_PATHS = (
					"$(inherited)",
					"@executable_path/Frameworks",
				);
				PRODUCT_BUNDLE_IDENTIFIER = hu.bme.aut.ios.FortressViewer;
				PRODUCT_NAME = "$(TARGET_NAME)";
				PROVISIONING_PROFILE_SPECIFIER = "";
				SWIFT_VERSION = 4.2;
				TARGETED_DEVICE_FAMILY = "1,2";
			};
			name = Debug;
		};
		C5937D88216FD73700098DF4 /* Release */ = {
			isa = XCBuildConfiguration;
			buildSettings = {
				ASSETCATALOG_COMPILER_APPICON_NAME = AppIcon;
				CODE_SIGN_STYLE = Manual;
				DEVELOPMENT_TEAM = "";
				INFOPLIST_FILE = FortressViewer/Info.plist;
				LD_RUNPATH_SEARCH_PATHS = (
					"$(inherited)",
					"@executable_path/Frameworks",
				);
				PRODUCT_BUNDLE_IDENTIFIER = hu.bme.aut.ios.FortressViewer;
				PRODUCT_NAME = "$(TARGET_NAME)";
				PROVISIONING_PROFILE_SPECIFIER = "";
				SWIFT_VERSION = 4.2;
				TARGETED_DEVICE_FAMILY = "1,2";
			};
			name = Release;
		};
/* End XCBuildConfiguration section */

/* Begin XCConfigurationList section */
		C5937D6F216FD73600098DF4 /* Build configuration list for PBXProject "FortressViewer" */ = {
			isa = XCConfigurationList;
			buildConfigurations = (
				C5937D84216FD73700098DF4 /* Debug */,
				C5937D85216FD73700098DF4 /* Release */,
			);
			defaultConfigurationIsVisible = 0;
			defaultConfigurationName = Release;
		};
		C5937D86216FD73700098DF4 /* Build configuration list for PBXNativeTarget "FortressViewer" */ = {
			isa = XCConfigurationList;
			buildConfigurations = (
				C5937D87216FD73700098DF4 /* Debug */,
				C5937D88216FD73700098DF4 /* Release */,
			);
			defaultConfigurationIsVisible = 0;
			defaultConfigurationName = Release;
		};
/* End XCConfigurationList section */
	};
	rootObject = C5937D6C216FD73600098DF4 /* Project object */;
}
